// !$*UTF8*$!
{
	archiveVersion = 1;
	classes = {
	};
	objectVersion = 46;
	objects = {

/* Begin PBXBuildFile section */
		2F7F42E41ADC70E800B39F2E /* AppDelegate.swift in Sources */ = {isa = PBXBuildFile; fileRef = 2F7F42E31ADC70E800B39F2E /* AppDelegate.swift */; };
		2F7F42E61ADC70E800B39F2E /* ViewController.swift in Sources */ = {isa = PBXBuildFile; fileRef = 2F7F42E51ADC70E800B39F2E /* ViewController.swift */; };
		2F7F42E91ADC70E800B39F2E /* Main.storyboard in Resources */ = {isa = PBXBuildFile; fileRef = 2F7F42E71ADC70E800B39F2E /* Main.storyboard */; };
		2F7F42EB1ADC70E800B39F2E /* Images.xcassets in Resources */ = {isa = PBXBuildFile; fileRef = 2F7F42EA1ADC70E800B39F2E /* Images.xcassets */; };
		2F7F42EE1ADC70E800B39F2E /* LaunchScreen.xib in Resources */ = {isa = PBXBuildFile; fileRef = 2F7F42EC1ADC70E800B39F2E /* LaunchScreen.xib */; };
		2F7F430B1ADC71D500B39F2E /* AnimationHelpers.swift in Sources */ = {isa = PBXBuildFile; fileRef = 2F7F43031ADC71D500B39F2E /* AnimationHelpers.swift */; };
		2F7F430C1ADC71D500B39F2E /* FadeOutLabel.swift in Sources */ = {isa = PBXBuildFile; fileRef = 2F7F43041ADC71D500B39F2E /* FadeOutLabel.swift */; };
		2F7F430D1ADC71D500B39F2E /* ForegroundView.swift in Sources */ = {isa = PBXBuildFile; fileRef = 2F7F43051ADC71D500B39F2E /* ForegroundView.swift */; };
		2F7F430E1ADC71D500B39F2E /* ProgressTextView.swift in Sources */ = {isa = PBXBuildFile; fileRef = 2F7F43061ADC71D500B39F2E /* ProgressTextView.swift */; };
		2F7F430F1ADC71D500B39F2E /* RingGraph.swift in Sources */ = {isa = PBXBuildFile; fileRef = 2F7F43071ADC71D500B39F2E /* RingGraph.swift */; };
		2F7F43101ADC71D500B39F2E /* RingGraphPainter.swift in Sources */ = {isa = PBXBuildFile; fileRef = 2F7F43081ADC71D500B39F2E /* RingGraphPainter.swift */; };
		2F7F43111ADC71D500B39F2E /* RingGraphView.swift in Sources */ = {isa = PBXBuildFile; fileRef = 2F7F43091ADC71D500B39F2E /* RingGraphView.swift */; };
		2F7F43121ADC71D500B39F2E /* UIColor.swift in Sources */ = {isa = PBXBuildFile; fileRef = 2F7F430A1ADC71D500B39F2E /* UIColor.swift */; };
		316F09F4E22E536B72575394 /* Pods_RingGraphTests.framework in Frameworks */ = {isa = PBXBuildFile; fileRef = C114A358F722FECB2DE6DDD6 /* Pods_RingGraphTests.framework */; settings = {ATTRIBUTES = (Weak, ); }; };
		7D1AC14B1ADEF871002DFE0F /* Geometry.swift in Sources */ = {isa = PBXBuildFile; fileRef = 7D1AC14A1ADEF871002DFE0F /* Geometry.swift */; };
		7D3C9C341AE3045A00FC8B9C /* SymbolPathProviders.swift in Sources */ = {isa = PBXBuildFile; fileRef = 7D3C9C331AE3045A00FC8B9C /* SymbolPathProviders.swift */; };
		7D3C9C381AE31DF400FC8B9C /* SymbolView.swift in Sources */ = {isa = PBXBuildFile; fileRef = 7D3C9C371AE31DF300FC8B9C /* SymbolView.swift */; };
		7D5B7B261B236A3F00BFEE50 /* RingGraph.podspec in Resources */ = {isa = PBXBuildFile; fileRef = 7D5B7B251B236A3F00BFEE50 /* RingGraph.podspec */; };
		7D663CB81AF6C55F00994BEA /* RingGraphViewPerformanceTests.swift in Sources */ = {isa = PBXBuildFile; fileRef = 7D663CB71AF6C55F00994BEA /* RingGraphViewPerformanceTests.swift */; };
		7D663CB91AF6C5FC00994BEA /* RingGraph.swift in Sources */ = {isa = PBXBuildFile; fileRef = 2F7F43071ADC71D500B39F2E /* RingGraph.swift */; };
		7D663CBA1AF6C63100994BEA /* UIColor.swift in Sources */ = {isa = PBXBuildFile; fileRef = 2F7F430A1ADC71D500B39F2E /* UIColor.swift */; };
		7D663CBB1AF6C65000994BEA /* SymbolPathProviders.swift in Sources */ = {isa = PBXBuildFile; fileRef = 7D3C9C331AE3045A00FC8B9C /* SymbolPathProviders.swift */; };
		7D663CBC1AF6C6BE00994BEA /* AnimationHelpers.swift in Sources */ = {isa = PBXBuildFile; fileRef = 2F7F43031ADC71D500B39F2E /* AnimationHelpers.swift */; };
		7D663CBD1AF6CA1F00994BEA /* RingGraphView.swift in Sources */ = {isa = PBXBuildFile; fileRef = 2F7F43091ADC71D500B39F2E /* RingGraphView.swift */; };
		7D663CBE1AF6CA5000994BEA /* ForegroundView.swift in Sources */ = {isa = PBXBuildFile; fileRef = 2F7F43051ADC71D500B39F2E /* ForegroundView.swift */; };
		7D663CBF1AF6CA6900994BEA /* Geometry.swift in Sources */ = {isa = PBXBuildFile; fileRef = 7D1AC14A1ADEF871002DFE0F /* Geometry.swift */; };
		7D663CC01AF6CA6900994BEA /* ProgressTextView.swift in Sources */ = {isa = PBXBuildFile; fileRef = 2F7F43061ADC71D500B39F2E /* ProgressTextView.swift */; };
		7D663CC11AF6CA6900994BEA /* FadeOutLabel.swift in Sources */ = {isa = PBXBuildFile; fileRef = 2F7F43041ADC71D500B39F2E /* FadeOutLabel.swift */; };
		7D663CC21AF6CA6900994BEA /* SymbolView.swift in Sources */ = {isa = PBXBuildFile; fileRef = 7D3C9C371AE31DF300FC8B9C /* SymbolView.swift */; };
		7D663CC31AF6CA7B00994BEA /* RingGraphPainter.swift in Sources */ = {isa = PBXBuildFile; fileRef = 2F7F43081ADC71D500B39F2E /* RingGraphPainter.swift */; };
		7D7CB6401AF6ACCD00B79FDD /* Podfile in Resources */ = {isa = PBXBuildFile; fileRef = 7D7CB63F1AF6ACCD00B79FDD /* Podfile */; };
		7DB9A4E21B0A72A4002C385E /* RingGraphViewSpec.swift in Sources */ = {isa = PBXBuildFile; fileRef = 7DB9A4E11B0A72A4002C385E /* RingGraphViewSpec.swift */; };
		7DB9A4E41B0A73B1002C385E /* TestsHelper.swift in Sources */ = {isa = PBXBuildFile; fileRef = 7DB9A4E31B0A73B1002C385E /* TestsHelper.swift */; };
/* End PBXBuildFile section */

/* Begin PBXContainerItemProxy section */
		2F7F42F41ADC70E800B39F2E /* PBXContainerItemProxy */ = {
			isa = PBXContainerItemProxy;
			containerPortal = 2F7F42D61ADC70E800B39F2E /* Project object */;
			proxyType = 1;
			remoteGlobalIDString = 2F7F42DD1ADC70E800B39F2E;
			remoteInfo = RingGraph;
		};
/* End PBXContainerItemProxy section */

/* Begin PBXFileReference section */
		2F7F42DE1ADC70E800B39F2E /* RingGraph.app */ = {isa = PBXFileReference; explicitFileType = wrapper.application; includeInIndex = 0; path = RingGraph.app; sourceTree = BUILT_PRODUCTS_DIR; };
		2F7F42E21ADC70E800B39F2E /* Info.plist */ = {isa = PBXFileReference; lastKnownFileType = text.plist.xml; path = Info.plist; sourceTree = "<group>"; };
		2F7F42E31ADC70E800B39F2E /* AppDelegate.swift */ = {isa = PBXFileReference; lastKnownFileType = sourcecode.swift; name = AppDelegate.swift; path = Example/AppDelegate.swift; sourceTree = SOURCE_ROOT; };
		2F7F42E51ADC70E800B39F2E /* ViewController.swift */ = {isa = PBXFileReference; lastKnownFileType = sourcecode.swift; name = ViewController.swift; path = Example/ViewController.swift; sourceTree = SOURCE_ROOT; };
		2F7F42E81ADC70E800B39F2E /* Base */ = {isa = PBXFileReference; lastKnownFileType = file.storyboard; name = Base; path = Base.lproj/Main.storyboard; sourceTree = "<group>"; };
		2F7F42EA1ADC70E800B39F2E /* Images.xcassets */ = {isa = PBXFileReference; lastKnownFileType = folder.assetcatalog; path = Images.xcassets; sourceTree = "<group>"; };
		2F7F42ED1ADC70E800B39F2E /* Base */ = {isa = PBXFileReference; lastKnownFileType = file.xib; name = Base; path = Base.lproj/LaunchScreen.xib; sourceTree = "<group>"; };
		2F7F42F31ADC70E800B39F2E /* RingGraphTests.xctest */ = {isa = PBXFileReference; explicitFileType = wrapper.cfbundle; includeInIndex = 0; path = RingGraphTests.xctest; sourceTree = BUILT_PRODUCTS_DIR; };
		2F7F42F81ADC70E800B39F2E /* Info.plist */ = {isa = PBXFileReference; lastKnownFileType = text.plist.xml; path = Info.plist; sourceTree = "<group>"; };
		2F7F43031ADC71D500B39F2E /* AnimationHelpers.swift */ = {isa = PBXFileReference; fileEncoding = 4; lastKnownFileType = sourcecode.swift; path = AnimationHelpers.swift; sourceTree = "<group>"; };
		2F7F43041ADC71D500B39F2E /* FadeOutLabel.swift */ = {isa = PBXFileReference; fileEncoding = 4; lastKnownFileType = sourcecode.swift; path = FadeOutLabel.swift; sourceTree = "<group>"; };
		2F7F43051ADC71D500B39F2E /* ForegroundView.swift */ = {isa = PBXFileReference; fileEncoding = 4; lastKnownFileType = sourcecode.swift; path = ForegroundView.swift; sourceTree = "<group>"; };
		2F7F43061ADC71D500B39F2E /* ProgressTextView.swift */ = {isa = PBXFileReference; fileEncoding = 4; lastKnownFileType = sourcecode.swift; path = ProgressTextView.swift; sourceTree = "<group>"; };
		2F7F43071ADC71D500B39F2E /* RingGraph.swift */ = {isa = PBXFileReference; fileEncoding = 4; lastKnownFileType = sourcecode.swift; path = RingGraph.swift; sourceTree = "<group>"; };
		2F7F43081ADC71D500B39F2E /* RingGraphPainter.swift */ = {isa = PBXFileReference; fileEncoding = 4; lastKnownFileType = sourcecode.swift; path = RingGraphPainter.swift; sourceTree = "<group>"; };
		2F7F43091ADC71D500B39F2E /* RingGraphView.swift */ = {isa = PBXFileReference; fileEncoding = 4; lastKnownFileType = sourcecode.swift; path = RingGraphView.swift; sourceTree = "<group>"; };
		2F7F430A1ADC71D500B39F2E /* UIColor.swift */ = {isa = PBXFileReference; fileEncoding = 4; lastKnownFileType = sourcecode.swift; path = UIColor.swift; sourceTree = "<group>"; };
		6AA292EC09A5F9134E756EBC /* Pods-RingGraphTests.release.xcconfig */ = {isa = PBXFileReference; includeInIndex = 1; lastKnownFileType = text.xcconfig; name = "Pods-RingGraphTests.release.xcconfig"; path = "Pods/Target Support Files/Pods-RingGraphTests/Pods-RingGraphTests.release.xcconfig"; sourceTree = "<group>"; };
		7D1AC14A1ADEF871002DFE0F /* Geometry.swift */ = {isa = PBXFileReference; fileEncoding = 4; lastKnownFileType = sourcecode.swift; path = Geometry.swift; sourceTree = "<group>"; };
		7D3C9C331AE3045A00FC8B9C /* SymbolPathProviders.swift */ = {isa = PBXFileReference; fileEncoding = 4; lastKnownFileType = sourcecode.swift; path = SymbolPathProviders.swift; sourceTree = "<group>"; };
		7D3C9C371AE31DF300FC8B9C /* SymbolView.swift */ = {isa = PBXFileReference; fileEncoding = 4; lastKnownFileType = sourcecode.swift; path = SymbolView.swift; sourceTree = "<group>"; };
		7D5B7B251B236A3F00BFEE50 /* RingGraph.podspec */ = {isa = PBXFileReference; fileEncoding = 4; lastKnownFileType = text; path = RingGraph.podspec; sourceTree = "<group>"; };
		7D663CB41AF6B37600994BEA /* RingGraphTests-Bridging-Header.h */ = {isa = PBXFileReference; lastKnownFileType = sourcecode.c.h; path = "RingGraphTests-Bridging-Header.h"; sourceTree = "<group>"; };
		7D663CB71AF6C55F00994BEA /* RingGraphViewPerformanceTests.swift */ = {isa = PBXFileReference; fileEncoding = 4; lastKnownFileType = sourcecode.swift; path = RingGraphViewPerformanceTests.swift; sourceTree = "<group>"; };
		7D7CB63F1AF6ACCD00B79FDD /* Podfile */ = {isa = PBXFileReference; fileEncoding = 4; lastKnownFileType = text; path = Podfile; sourceTree = "<group>"; xcLanguageSpecificationIdentifier = xcode.lang.ruby; };
		7DB9A4E11B0A72A4002C385E /* RingGraphViewSpec.swift */ = {isa = PBXFileReference; fileEncoding = 4; lastKnownFileType = sourcecode.swift; path = RingGraphViewSpec.swift; sourceTree = "<group>"; };
		7DB9A4E31B0A73B1002C385E /* TestsHelper.swift */ = {isa = PBXFileReference; fileEncoding = 4; lastKnownFileType = sourcecode.swift; path = TestsHelper.swift; sourceTree = "<group>"; };
		C114A358F722FECB2DE6DDD6 /* Pods_RingGraphTests.framework */ = {isa = PBXFileReference; explicitFileType = wrapper.framework; includeInIndex = 0; path = Pods_RingGraphTests.framework; sourceTree = BUILT_PRODUCTS_DIR; };
		D8406747DA0CE710645D9517 /* Pods-RingGraphTests.debug.xcconfig */ = {isa = PBXFileReference; includeInIndex = 1; lastKnownFileType = text.xcconfig; name = "Pods-RingGraphTests.debug.xcconfig"; path = "Pods/Target Support Files/Pods-RingGraphTests/Pods-RingGraphTests.debug.xcconfig"; sourceTree = "<group>"; };
/* End PBXFileReference section */

/* Begin PBXFrameworksBuildPhase section */
		2F7F42DB1ADC70E800B39F2E /* Frameworks */ = {
			isa = PBXFrameworksBuildPhase;
			buildActionMask = 2147483647;
			files = (
			);
			runOnlyForDeploymentPostprocessing = 0;
		};
		2F7F42F01ADC70E800B39F2E /* Frameworks */ = {
			isa = PBXFrameworksBuildPhase;
			buildActionMask = 2147483647;
			files = (
				316F09F4E22E536B72575394 /* Pods_RingGraphTests.framework in Frameworks */,
			);
			runOnlyForDeploymentPostprocessing = 0;
		};
/* End PBXFrameworksBuildPhase section */

/* Begin PBXGroup section */
		2C442FC6FAE22EA578361D06 /* Frameworks */ = {
			isa = PBXGroup;
			children = (
				C114A358F722FECB2DE6DDD6 /* Pods_RingGraphTests.framework */,
			);
			name = Frameworks;
			sourceTree = "<group>";
		};
		2F7F42D51ADC70E800B39F2E = {
			isa = PBXGroup;
			children = (
				7D5B7B591B23737B00BFEE50 /* Example */,
				7D5B7B251B236A3F00BFEE50 /* RingGraph.podspec */,
				7D7CB63F1AF6ACCD00B79FDD /* Podfile */,
				2F7F42E01ADC70E800B39F2E /* RingGraph */,
				2F7F42F61ADC70E800B39F2E /* RingGraphTests */,
				2F7F42DF1ADC70E800B39F2E /* Products */,
				6EA551AA6F49B7ACFB3C54A9 /* Pods */,
				2C442FC6FAE22EA578361D06 /* Frameworks */,
			);
			sourceTree = "<group>";
		};
		2F7F42DF1ADC70E800B39F2E /* Products */ = {
			isa = PBXGroup;
			children = (
				2F7F42DE1ADC70E800B39F2E /* RingGraph.app */,
				2F7F42F31ADC70E800B39F2E /* RingGraphTests.xctest */,
			);
			name = Products;
			sourceTree = "<group>";
		};
		2F7F42E01ADC70E800B39F2E /* RingGraph */ = {
			isa = PBXGroup;
			children = (
				7D3C9C361AE31C4B00FC8B9C /* Helpers */,
				7D3C9C351AE31C0600FC8B9C /* Views */,
				2F7F43071ADC71D500B39F2E /* RingGraph.swift */,
				2F7F42E31ADC70E800B39F2E /* AppDelegate.swift */,
				2F7F42E51ADC70E800B39F2E /* ViewController.swift */,
				2F7F42E71ADC70E800B39F2E /* Main.storyboard */,
				2F7F42EA1ADC70E800B39F2E /* Images.xcassets */,
				2F7F42EC1ADC70E800B39F2E /* LaunchScreen.xib */,
				2F7F42E11ADC70E800B39F2E /* Supporting Files */,
			);
			path = RingGraph;
			sourceTree = "<group>";
		};
		2F7F42E11ADC70E800B39F2E /* Supporting Files */ = {
			isa = PBXGroup;
			children = (
				2F7F42E21ADC70E800B39F2E /* Info.plist */,
			);
			name = "Supporting Files";
			sourceTree = "<group>";
		};
		2F7F42F61ADC70E800B39F2E /* RingGraphTests */ = {
			isa = PBXGroup;
			children = (
				2F7F42F71ADC70E800B39F2E /* Supporting Files */,
				7D663CB41AF6B37600994BEA /* RingGraphTests-Bridging-Header.h */,
				7D663CB71AF6C55F00994BEA /* RingGraphViewPerformanceTests.swift */,
				7DB9A4E11B0A72A4002C385E /* RingGraphViewSpec.swift */,
				7DB9A4E31B0A73B1002C385E /* TestsHelper.swift */,
			);
			path = RingGraphTests;
			sourceTree = "<group>";
		};
		2F7F42F71ADC70E800B39F2E /* Supporting Files */ = {
			isa = PBXGroup;
			children = (
				2F7F42F81ADC70E800B39F2E /* Info.plist */,
			);
			name = "Supporting Files";
			sourceTree = "<group>";
		};
		6EA551AA6F49B7ACFB3C54A9 /* Pods */ = {
			isa = PBXGroup;
			children = (
				D8406747DA0CE710645D9517 /* Pods-RingGraphTests.debug.xcconfig */,
				6AA292EC09A5F9134E756EBC /* Pods-RingGraphTests.release.xcconfig */,
			);
			name = Pods;
			sourceTree = "<group>";
		};
		7D3C9C351AE31C0600FC8B9C /* Views */ = {
			isa = PBXGroup;
			children = (
				2F7F43091ADC71D500B39F2E /* RingGraphView.swift */,
				2F7F43061ADC71D500B39F2E /* ProgressTextView.swift */,
				2F7F43051ADC71D500B39F2E /* ForegroundView.swift */,
				2F7F43041ADC71D500B39F2E /* FadeOutLabel.swift */,
				7D3C9C371AE31DF300FC8B9C /* SymbolView.swift */,
			);
			name = Views;
			sourceTree = "<group>";
		};
		7D3C9C361AE31C4B00FC8B9C /* Helpers */ = {
			isa = PBXGroup;
			children = (
				2F7F430A1ADC71D500B39F2E /* UIColor.swift */,
				7D1AC14A1ADEF871002DFE0F /* Geometry.swift */,
				2F7F43031ADC71D500B39F2E /* AnimationHelpers.swift */,
				7D3C9C331AE3045A00FC8B9C /* SymbolPathProviders.swift */,
				2F7F43081ADC71D500B39F2E /* RingGraphPainter.swift */,
			);
			name = Helpers;
			sourceTree = "<group>";
		};
		7D5B7B591B23737B00BFEE50 /* Example */ = {
			isa = PBXGroup;
			children = (
			);
			path = Example;
			sourceTree = "<group>";
		};
/* End PBXGroup section */

/* Begin PBXNativeTarget section */
		2F7F42DD1ADC70E800B39F2E /* RingGraph */ = {
			isa = PBXNativeTarget;
			buildConfigurationList = 2F7F42FD1ADC70E800B39F2E /* Build configuration list for PBXNativeTarget "RingGraph" */;
			buildPhases = (
				2F7F42DA1ADC70E800B39F2E /* Sources */,
				2F7F42DB1ADC70E800B39F2E /* Frameworks */,
				2F7F42DC1ADC70E800B39F2E /* Resources */,
			);
			buildRules = (
			);
			dependencies = (
			);
			name = RingGraph;
			productName = RingGraph;
			productReference = 2F7F42DE1ADC70E800B39F2E /* RingGraph.app */;
			productType = "com.apple.product-type.application";
		};
		2F7F42F21ADC70E800B39F2E /* RingGraphTests */ = {
			isa = PBXNativeTarget;
			buildConfigurationList = 2F7F43001ADC70E800B39F2E /* Build configuration list for PBXNativeTarget "RingGraphTests" */;
			buildPhases = (
				B1282D524FBACA8C2369C58A /* Check Pods Manifest.lock */,
				2F7F42EF1ADC70E800B39F2E /* Sources */,
				2F7F42F01ADC70E800B39F2E /* Frameworks */,
				2F7F42F11ADC70E800B39F2E /* Resources */,
				13A4AE5CEF533C5D80E84167 /* Copy Pods Resources */,
				ACE5A0A73192AA545C4611A4 /* Embed Pods Frameworks */,
			);
			buildRules = (
			);
			dependencies = (
				2F7F42F51ADC70E800B39F2E /* PBXTargetDependency */,
			);
			name = RingGraphTests;
			productName = RingGraphTests;
			productReference = 2F7F42F31ADC70E800B39F2E /* RingGraphTests.xctest */;
			productType = "com.apple.product-type.bundle.unit-test";
		};
/* End PBXNativeTarget section */

/* Begin PBXProject section */
		2F7F42D61ADC70E800B39F2E /* Project object */ = {
			isa = PBXProject;
			attributes = {
				LastUpgradeCheck = 0630;
				ORGANIZATIONNAME = "Michał Kreft";
				TargetAttributes = {
					2F7F42DD1ADC70E800B39F2E = {
						CreatedOnToolsVersion = 6.3;
					};
					2F7F42F21ADC70E800B39F2E = {
						CreatedOnToolsVersion = 6.3;
						TestTargetID = 2F7F42DD1ADC70E800B39F2E;
					};
				};
			};
			buildConfigurationList = 2F7F42D91ADC70E800B39F2E /* Build configuration list for PBXProject "RingGraph" */;
			compatibilityVersion = "Xcode 3.2";
			developmentRegion = English;
			hasScannedForEncodings = 0;
			knownRegions = (
				en,
				Base,
			);
			mainGroup = 2F7F42D51ADC70E800B39F2E;
			productRefGroup = 2F7F42DF1ADC70E800B39F2E /* Products */;
			projectDirPath = "";
			projectRoot = "";
			targets = (
				2F7F42DD1ADC70E800B39F2E /* RingGraph */,
				2F7F42F21ADC70E800B39F2E /* RingGraphTests */,
			);
		};
/* End PBXProject section */

/* Begin PBXResourcesBuildPhase section */
		2F7F42DC1ADC70E800B39F2E /* Resources */ = {
			isa = PBXResourcesBuildPhase;
			buildActionMask = 2147483647;
			files = (
				2F7F42E91ADC70E800B39F2E /* Main.storyboard in Resources */,
				7D5B7B261B236A3F00BFEE50 /* RingGraph.podspec in Resources */,
				2F7F42EE1ADC70E800B39F2E /* LaunchScreen.xib in Resources */,
				7D7CB6401AF6ACCD00B79FDD /* Podfile in Resources */,
				2F7F42EB1ADC70E800B39F2E /* Images.xcassets in Resources */,
			);
			runOnlyForDeploymentPostprocessing = 0;
		};
		2F7F42F11ADC70E800B39F2E /* Resources */ = {
			isa = PBXResourcesBuildPhase;
			buildActionMask = 2147483647;
			files = (
			);
			runOnlyForDeploymentPostprocessing = 0;
		};
/* End PBXResourcesBuildPhase section */

/* Begin PBXShellScriptBuildPhase section */
		13A4AE5CEF533C5D80E84167 /* Copy Pods Resources */ = {
			isa = PBXShellScriptBuildPhase;
			buildActionMask = 2147483647;
			files = (
			);
			inputPaths = (
			);
			name = "Copy Pods Resources";
			outputPaths = (
			);
			runOnlyForDeploymentPostprocessing = 0;
			shellPath = /bin/sh;
			shellScript = "\"${SRCROOT}/Pods/Target Support Files/Pods-RingGraphTests/Pods-RingGraphTests-resources.sh\"\n";
			showEnvVarsInLog = 0;
		};
		ACE5A0A73192AA545C4611A4 /* Embed Pods Frameworks */ = {
			isa = PBXShellScriptBuildPhase;
			buildActionMask = 2147483647;
			files = (
			);
			inputPaths = (
			);
			name = "Embed Pods Frameworks";
			outputPaths = (
			);
			runOnlyForDeploymentPostprocessing = 0;
			shellPath = /bin/sh;
			shellScript = "\"${SRCROOT}/Pods/Target Support Files/Pods-RingGraphTests/Pods-RingGraphTests-frameworks.sh\"\n";
			showEnvVarsInLog = 0;
		};
		B1282D524FBACA8C2369C58A /* Check Pods Manifest.lock */ = {
			isa = PBXShellScriptBuildPhase;
			buildActionMask = 2147483647;
			files = (
			);
			inputPaths = (
			);
			name = "Check Pods Manifest.lock";
			outputPaths = (
			);
			runOnlyForDeploymentPostprocessing = 0;
			shellPath = /bin/sh;
			shellScript = "diff \"${PODS_ROOT}/../Podfile.lock\" \"${PODS_ROOT}/Manifest.lock\" > /dev/null\nif [[ $? != 0 ]] ; then\n    cat << EOM\nerror: The sandbox is not in sync with the Podfile.lock. Run 'pod install' or update your CocoaPods installation.\nEOM\n    exit 1\nfi\n";
			showEnvVarsInLog = 0;
		};
/* End PBXShellScriptBuildPhase section */

/* Begin PBXSourcesBuildPhase section */
		2F7F42DA1ADC70E800B39F2E /* Sources */ = {
			isa = PBXSourcesBuildPhase;
			buildActionMask = 2147483647;
			files = (
				2F7F430F1ADC71D500B39F2E /* RingGraph.swift in Sources */,
				2F7F43111ADC71D500B39F2E /* RingGraphView.swift in Sources */,
				2F7F430E1ADC71D500B39F2E /* ProgressTextView.swift in Sources */,
				7D1AC14B1ADEF871002DFE0F /* Geometry.swift in Sources */,
				2F7F430D1ADC71D500B39F2E /* ForegroundView.swift in Sources */,
				7D3C9C341AE3045A00FC8B9C /* SymbolPathProviders.swift in Sources */,
				2F7F430B1ADC71D500B39F2E /* AnimationHelpers.swift in Sources */,
				2F7F430C1ADC71D500B39F2E /* FadeOutLabel.swift in Sources */,
				2F7F42E61ADC70E800B39F2E /* ViewController.swift in Sources */,
				2F7F43101ADC71D500B39F2E /* RingGraphPainter.swift in Sources */,
				2F7F42E41ADC70E800B39F2E /* AppDelegate.swift in Sources */,
				2F7F43121ADC71D500B39F2E /* UIColor.swift in Sources */,
				7D3C9C381AE31DF400FC8B9C /* SymbolView.swift in Sources */,
			);
			runOnlyForDeploymentPostprocessing = 0;
		};
		2F7F42EF1ADC70E800B39F2E /* Sources */ = {
			isa = PBXSourcesBuildPhase;
			buildActionMask = 2147483647;
			files = (
				7D663CC31AF6CA7B00994BEA /* RingGraphPainter.swift in Sources */,
				7D663CBF1AF6CA6900994BEA /* Geometry.swift in Sources */,
				7D663CC01AF6CA6900994BEA /* ProgressTextView.swift in Sources */,
				7D663CC11AF6CA6900994BEA /* FadeOutLabel.swift in Sources */,
				7D663CC21AF6CA6900994BEA /* SymbolView.swift in Sources */,
				7D663CBE1AF6CA5000994BEA /* ForegroundView.swift in Sources */,
				7D663CBD1AF6CA1F00994BEA /* RingGraphView.swift in Sources */,
				7DB9A4E41B0A73B1002C385E /* TestsHelper.swift in Sources */,
				7D663CBC1AF6C6BE00994BEA /* AnimationHelpers.swift in Sources */,
				7DB9A4E21B0A72A4002C385E /* RingGraphViewSpec.swift in Sources */,
				7D663CBB1AF6C65000994BEA /* SymbolPathProviders.swift in Sources */,
				7D663CBA1AF6C63100994BEA /* UIColor.swift in Sources */,
				7D663CB91AF6C5FC00994BEA /* RingGraph.swift in Sources */,
				7D663CB81AF6C55F00994BEA /* RingGraphViewPerformanceTests.swift in Sources */,
			);
			runOnlyForDeploymentPostprocessing = 0;
		};
/* End PBXSourcesBuildPhase section */

/* Begin PBXTargetDependency section */
		2F7F42F51ADC70E800B39F2E /* PBXTargetDependency */ = {
			isa = PBXTargetDependency;
			target = 2F7F42DD1ADC70E800B39F2E /* RingGraph */;
			targetProxy = 2F7F42F41ADC70E800B39F2E /* PBXContainerItemProxy */;
		};
/* End PBXTargetDependency section */

/* Begin PBXVariantGroup section */
		2F7F42E71ADC70E800B39F2E /* Main.storyboard */ = {
			isa = PBXVariantGroup;
			children = (
				2F7F42E81ADC70E800B39F2E /* Base */,
			);
			name = Main.storyboard;
			path = ../Example;
			sourceTree = "<group>";
		};
		2F7F42EC1ADC70E800B39F2E /* LaunchScreen.xib */ = {
			isa = PBXVariantGroup;
			children = (
				2F7F42ED1ADC70E800B39F2E /* Base */,
			);
			name = LaunchScreen.xib;
			path = Example;
			sourceTree = SOURCE_ROOT;
		};
/* End PBXVariantGroup section */

/* Begin XCBuildConfiguration section */
		2F7F42FB1ADC70E800B39F2E /* Debug */ = {
			isa = XCBuildConfiguration;
			buildSettings = {
				ALWAYS_SEARCH_USER_PATHS = NO;
				CLANG_CXX_LANGUAGE_STANDARD = "gnu++0x";
				CLANG_CXX_LIBRARY = "libc++";
				CLANG_ENABLE_MODULES = YES;
				CLANG_ENABLE_OBJC_ARC = YES;
				CLANG_WARN_BOOL_CONVERSION = YES;
				CLANG_WARN_CONSTANT_CONVERSION = YES;
				CLANG_WARN_DIRECT_OBJC_ISA_USAGE = YES_ERROR;
				CLANG_WARN_EMPTY_BODY = YES;
				CLANG_WARN_ENUM_CONVERSION = YES;
				CLANG_WARN_INT_CONVERSION = YES;
				CLANG_WARN_OBJC_ROOT_CLASS = YES_ERROR;
				CLANG_WARN_UNREACHABLE_CODE = YES;
				CLANG_WARN__DUPLICATE_METHOD_MATCH = YES;
				"CODE_SIGN_IDENTITY[sdk=iphoneos*]" = "iPhone Developer";
				COPY_PHASE_STRIP = NO;
				DEBUG_INFORMATION_FORMAT = "dwarf-with-dsym";
				ENABLE_STRICT_OBJC_MSGSEND = YES;
				GCC_C_LANGUAGE_STANDARD = gnu99;
				GCC_DYNAMIC_NO_PIC = NO;
				GCC_NO_COMMON_BLOCKS = YES;
				GCC_OPTIMIZATION_LEVEL = 0;
				GCC_PREPROCESSOR_DEFINITIONS = (
					"DEBUG=1",
					"$(inherited)",
				);
				GCC_SYMBOLS_PRIVATE_EXTERN = NO;
				GCC_WARN_64_TO_32_BIT_CONVERSION = YES;
				GCC_WARN_ABOUT_RETURN_TYPE = YES_ERROR;
				GCC_WARN_UNDECLARED_SELECTOR = YES;
				GCC_WARN_UNINITIALIZED_AUTOS = YES_AGGRESSIVE;
				GCC_WARN_UNUSED_FUNCTION = YES;
				GCC_WARN_UNUSED_VARIABLE = YES;
				IPHONEOS_DEPLOYMENT_TARGET = 8.3;
				MTL_ENABLE_DEBUG_INFO = YES;
				ONLY_ACTIVE_ARCH = YES;
				SDKROOT = iphoneos;
				SWIFT_OPTIMIZATION_LEVEL = "-Onone";
				TARGETED_DEVICE_FAMILY = "1,2";
			};
			name = Debug;
		};
		2F7F42FC1ADC70E800B39F2E /* Release */ = {
			isa = XCBuildConfiguration;
			buildSettings = {
				ALWAYS_SEARCH_USER_PATHS = NO;
				CLANG_CXX_LANGUAGE_STANDARD = "gnu++0x";
				CLANG_CXX_LIBRARY = "libc++";
				CLANG_ENABLE_MODULES = YES;
				CLANG_ENABLE_OBJC_ARC = YES;
				CLANG_WARN_BOOL_CONVERSION = YES;
				CLANG_WARN_CONSTANT_CONVERSION = YES;
				CLANG_WARN_DIRECT_OBJC_ISA_USAGE = YES_ERROR;
				CLANG_WARN_EMPTY_BODY = YES;
				CLANG_WARN_ENUM_CONVERSION = YES;
				CLANG_WARN_INT_CONVERSION = YES;
				CLANG_WARN_OBJC_ROOT_CLASS = YES_ERROR;
				CLANG_WARN_UNREACHABLE_CODE = YES;
				CLANG_WARN__DUPLICATE_METHOD_MATCH = YES;
				"CODE_SIGN_IDENTITY[sdk=iphoneos*]" = "iPhone Developer";
				COPY_PHASE_STRIP = NO;
				DEBUG_INFORMATION_FORMAT = "dwarf-with-dsym";
				ENABLE_NS_ASSERTIONS = NO;
				ENABLE_STRICT_OBJC_MSGSEND = YES;
				GCC_C_LANGUAGE_STANDARD = gnu99;
				GCC_NO_COMMON_BLOCKS = YES;
				GCC_WARN_64_TO_32_BIT_CONVERSION = YES;
				GCC_WARN_ABOUT_RETURN_TYPE = YES_ERROR;
				GCC_WARN_UNDECLARED_SELECTOR = YES;
				GCC_WARN_UNINITIALIZED_AUTOS = YES_AGGRESSIVE;
				GCC_WARN_UNUSED_FUNCTION = YES;
				GCC_WARN_UNUSED_VARIABLE = YES;
				IPHONEOS_DEPLOYMENT_TARGET = 8.3;
				MTL_ENABLE_DEBUG_INFO = NO;
				SDKROOT = iphoneos;
				TARGETED_DEVICE_FAMILY = "1,2";
				VALIDATE_PRODUCT = YES;
			};
			name = Release;
		};
		2F7F42FE1ADC70E800B39F2E /* Debug */ = {
			isa = XCBuildConfiguration;
			buildSettings = {
				ASSETCATALOG_COMPILER_APPICON_NAME = AppIcon;
				INFOPLIST_FILE = RingGraph/Info.plist;
				LD_RUNPATH_SEARCH_PATHS = "$(inherited) @executable_path/Frameworks";
				PRODUCT_NAME = "$(TARGET_NAME)";
			};
			name = Debug;
		};
		2F7F42FF1ADC70E800B39F2E /* Release */ = {
			isa = XCBuildConfiguration;
			buildSettings = {
				ASSETCATALOG_COMPILER_APPICON_NAME = AppIcon;
				INFOPLIST_FILE = RingGraph/Info.plist;
				LD_RUNPATH_SEARCH_PATHS = "$(inherited) @executable_path/Frameworks";
				PRODUCT_NAME = "$(TARGET_NAME)";
			};
			name = Release;
		};
		2F7F43011ADC70E800B39F2E /* Debug */ = {
			isa = XCBuildConfiguration;
			baseConfigurationReference = D8406747DA0CE710645D9517 /* Pods-RingGraphTests.debug.xcconfig */;
			buildSettings = {
				BUNDLE_LOADER = "$(TEST_HOST)";
				FRAMEWORK_SEARCH_PATHS = (
					"$(SDKROOT)/Developer/Library/Frameworks",
					"$(inherited)",
				);
				GCC_PREPROCESSOR_DEFINITIONS = (
					"DEBUG=1",
					"$(inherited)",
				);
				INFOPLIST_FILE = RingGraphTests/Info.plist;
				LD_RUNPATH_SEARCH_PATHS = "$(inherited) @executable_path/Frameworks @loader_path/Frameworks";
				PRODUCT_NAME = "$(TARGET_NAME)";
				SWIFT_OBJC_BRIDGING_HEADER = "RingGraphTests/RingGraphTests-Bridging-Header.h";
				TEST_HOST = "$(BUILT_PRODUCTS_DIR)/RingGraph.app/RingGraph";
			};
			name = Debug;
		};
		2F7F43021ADC70E800B39F2E /* Release */ = {
			isa = XCBuildConfiguration;
			baseConfigurationReference = 6AA292EC09A5F9134E756EBC /* Pods-RingGraphTests.release.xcconfig */;
			buildSettings = {
				BUNDLE_LOADER = "$(TEST_HOST)";
				FRAMEWORK_SEARCH_PATHS = (
					"$(SDKROOT)/Developer/Library/Frameworks",
					"$(inherited)",
				);
				INFOPLIST_FILE = RingGraphTests/Info.plist;
				LD_RUNPATH_SEARCH_PATHS = "$(inherited) @executable_path/Frameworks @loader_path/Frameworks";
				PRODUCT_NAME = "$(TARGET_NAME)";
				SWIFT_OBJC_BRIDGING_HEADER = "RingGraphTests/RingGraphTests-Bridging-Header.h";
				TEST_HOST = "$(BUILT_PRODUCTS_DIR)/RingGraph.app/RingGraph";
			};
			name = Release;
		};
/* End XCBuildConfiguration section */

/* Begin XCConfigurationList section */
		2F7F42D91ADC70E800B39F2E /* Build configuration list for PBXProject "RingGraph" */ = {
			isa = XCConfigurationList;
			buildConfigurations = (
				2F7F42FB1ADC70E800B39F2E /* Debug */,
				2F7F42FC1ADC70E800B39F2E /* Release */,
			);
			defaultConfigurationIsVisible = 0;
			defaultConfigurationName = Release;
		};
		2F7F42FD1ADC70E800B39F2E /* Build configuration list for PBXNativeTarget "RingGraph" */ = {
			isa = XCConfigurationList;
			buildConfigurations = (
				2F7F42FE1ADC70E800B39F2E /* Debug */,
				2F7F42FF1ADC70E800B39F2E /* Release */,
			);
			defaultConfigurationIsVisible = 0;
			defaultConfigurationName = Release;
		};
		2F7F43001ADC70E800B39F2E /* Build configuration list for PBXNativeTarget "RingGraphTests" */ = {
			isa = XCConfigurationList;
			buildConfigurations = (
				2F7F43011ADC70E800B39F2E /* Debug */,
				2F7F43021ADC70E800B39F2E /* Release */,
			);
			defaultConfigurationIsVisible = 0;
			defaultConfigurationName = Release;
		};
/* End XCConfigurationList section */
	};
	rootObject = 2F7F42D61ADC70E800B39F2E /* Project object */;
}
